
Microsoft Visual Studio Solution File, Format Version 12.00
# Visual Studio 14
VisualStudioVersion = 14.0.25420.1
MinimumVisualStudioVersion = 10.0.40219.1
Project("{FAE04EC0-301F-11D3-BF4B-00C04F79EFBC}") = "Views", ".\Views\Views.csproj", "{7DC1D763-C90D-4B34-BCD0-D58890F14307}"
EndProject
Project("{FAE04EC0-301F-11D3-BF4B-00C04F79EFBC}") = "Models", ".\Models\Models.csproj", "{113C7467-C9A2-488B-B20A-BE975B966FC2}"
EndProject
Project("{FAE04EC0-301F-11D3-BF4B-00C04F79EFBC}") = "Controller", ".\Controller\Controller.csproj", "{DDC2710E-DBD8-449A-854F-006CF8F85F2B}"
EndProject
Global
	GlobalSection(SolutionConfigurationPlatforms) = preSolution
		Debug|Any CPU = Debug|Any CPU
		Release|Any CPU = Release|Any CPU
	EndGlobalSection
	GlobalSection(ProjectConfigurationPlatforms) = postSolution
		{7DC1D763-C90D-4B34-BCD0-D58890F14307}.Debug|Any CPU.ActiveCfg = Debug|Any CPU
		{7DC1D763-C90D-4B34-BCD0-D58890F14307}.Debug|Any CPU.Build.0 = Debug|Any CPU
		{7DC1D763-C90D-4B34-BCD0-D58890F14307}.Release|Any CPU.ActiveCfg = Release|Any CPU
		{7DC1D763-C90D-4B34-BCD0-D58890F14307}.Release|Any CPU.Build.0 = Release|Any CPU
		{113C7467-C9A2-488B-B20A-BE975B966FC2}.Debug|Any CPU.ActiveCfg = Debug|Any CPU
		{113C7467-C9A2-488B-B20A-BE975B966FC2}.Debug|Any CPU.Build.0 = Debug|Any CPU
		{113C7467-C9A2-488B-B20A-BE975B966FC2}.Release|Any CPU.ActiveCfg = Release|Any CPU
		{113C7467-C9A2-488B-B20A-BE975B966FC2}.Release|Any CPU.Build.0 = Release|Any CPU
		{DDC2710E-DBD8-449A-854F-006CF8F85F2B}.Debug|Any CPU.ActiveCfg = Debug|Any CPU
		{DDC2710E-DBD8-449A-854F-006CF8F85F2B}.Debug|Any CPU.Build.0 = Debug|Any CPU
		{DDC2710E-DBD8-449A-854F-006CF8F85F2B}.Release|Any CPU.ActiveCfg = Release|Any CPU
		{DDC2710E-DBD8-449A-854F-006CF8F85F2B}.Release|Any CPU.Build.0 = Release|Any CPU
	EndGlobalSection
	GlobalSection(SolutionProperties) = preSolution
		HideSolutionNode = FALSE
	EndGlobalSection
EndGlobal
